
Microsoft Visual Studio Solution File, Format Version 12.00
# Visual Studio Version 17
VisualStudioVersion = 17.9.34723.18
MinimumVisualStudioVersion = 10.0.40219.1
Project("{8BC9CEB8-8B4A-11D0-8D11-00A0C91BC942}") = "q1", "q1\q1.vcxproj", "{2CDD920B-22F9-4BCD-9BEF-9DCCFEBA1686}"
EndProject
Project("{8BC9CEB8-8B4A-11D0-8D11-00A0C91BC942}") = "q2", "q2\q2.vcxproj", "{FE8FB8F8-2F3F-412E-93E2-DACA597E4261}"
EndProject
Project("{8BC9CEB8-8B4A-11D0-8D11-00A0C91BC942}") = "q3", "q3\q3.vcxproj", "{24F6E172-0441-4F8B-A97E-676CEA584B65}"
EndProject
Project("{8BC9CEB8-8B4A-11D0-8D11-00A0C91BC942}") = "q4", "q4\q4.vcxproj", "{B475153D-1315-4EAB-8038-F2E5064F3026}"
EndProject
Project("{8BC9CEB8-8B4A-11D0-8D11-00A0C91BC942}") = "q5", "q5\q5.vcxproj", "{AA05A98A-704C-45E3-A0AE-E24E4BCC6AA9}"
EndProject
Project("{8BC9CEB8-8B4A-11D0-8D11-00A0C91BC942}") = "q6", "q6\q6.vcxproj", "{0EF610D4-3F64-4738-B84A-C79DDB3DB26B}"
EndProject
Project("{8BC9CEB8-8B4A-11D0-8D11-00A0C91BC942}") = "q7", "q7\q7.vcxproj", "{7D573C00-5B26-4F33-B043-23AC29F99339}"
EndProject
Project("{8BC9CEB8-8B4A-11D0-8D11-00A0C91BC942}") = "q8", "q8\q8.vcxproj", "{303D9A1B-ED6B-4B9E-A46D-76EB77EE4DA5}"
EndProject
Project("{8BC9CEB8-8B4A-11D0-8D11-00A0C91BC942}") = "q9", "q9\q9.vcxproj", "{DCDF8CE8-CC0F-4FCA-835B-93136C1D8792}"
EndProject
Project("{8BC9CEB8-8B4A-11D0-8D11-00A0C91BC942}") = "q10", "q10\q10.vcxproj", "{8ACEB63E-7246-40B5-8FBD-3B0FF07DDA5F}"
EndProject
Project("{8BC9CEB8-8B4A-11D0-8D11-00A0C91BC942}") = "q11", "q11\q11.vcxproj", "{6D36296E-7D6E-4364-88FC-F1EE991EED0E}"
EndProject
Project("{8BC9CEB8-8B4A-11D0-8D11-00A0C91BC942}") = "q11-3", "q11-3\q11-3.vcxproj", "{990BA0CA-458F-4E1F-B838-61FEC669BB5D}"
EndProject
Project("{8BC9CEB8-8B4A-11D0-8D11-00A0C91BC942}") = "q12", "q12\q12.vcxproj", "{2CAA9EE6-752E-4B1A-9D6D-D025A946A9DB}"
EndProject
Project("{8BC9CEB8-8B4A-11D0-8D11-00A0C91BC942}") = "q13", "q13\q13.vcxproj", "{31140D1C-A99D-404B-9952-296A1CA5BE3B}"
EndProject
Project("{8BC9CEB8-8B4A-11D0-8D11-00A0C91BC942}") = "q14", "q14\q14.vcxproj", "{BD9978AE-EF28-4195-BFD9-3D95E66C334D}"
EndProject
Project("{8BC9CEB8-8B4A-11D0-8D11-00A0C91BC942}") = "q15", "q15\q15.vcxproj", "{7F9E5A61-896A-4020-8999-1B9B61B1D427}"
EndProject
Project("{8BC9CEB8-8B4A-11D0-8D11-00A0C91BC942}") = "q16", "q16\q16.vcxproj", "{0A339C2E-65DB-43BD-B356-48637545F4AA}"
EndProject
Project("{8BC9CEB8-8B4A-11D0-8D11-00A0C91BC942}") = "q17", "q17\q17.vcxproj", "{89C7BAC4-7ADD-40BA-963E-E79EA9C7FF4B}"
EndProject
Global
	GlobalSection(SolutionConfigurationPlatforms) = preSolution
		Debug|x64 = Debug|x64
		Debug|x86 = Debug|x86
		Release|x64 = Release|x64
		Release|x86 = Release|x86
	EndGlobalSection
	GlobalSection(ProjectConfigurationPlatforms) = postSolution
		{2CDD920B-22F9-4BCD-9BEF-9DCCFEBA1686}.Debug|x64.ActiveCfg = Debug|x64
		{2CDD920B-22F9-4BCD-9BEF-9DCCFEBA1686}.Debug|x64.Build.0 = Debug|x64
		{2CDD920B-22F9-4BCD-9BEF-9DCCFEBA1686}.Debug|x86.ActiveCfg = Debug|Win32
		{2CDD920B-22F9-4BCD-9BEF-9DCCFEBA1686}.Debug|x86.Build.0 = Debug|Win32
		{2CDD920B-22F9-4BCD-9BEF-9DCCFEBA1686}.Release|x64.ActiveCfg = Release|x64
		{2CDD920B-22F9-4BCD-9BEF-9DCCFEBA1686}.Release|x64.Build.0 = Release|x64
		{2CDD920B-22F9-4BCD-9BEF-9DCCFEBA1686}.Release|x86.ActiveCfg = Release|Win32
		{2CDD920B-22F9-4BCD-9BEF-9DCCFEBA1686}.Release|x86.Build.0 = Release|Win32
		{FE8FB8F8-2F3F-412E-93E2-DACA597E4261}.Debug|x64.ActiveCfg = Debug|x64
		{FE8FB8F8-2F3F-412E-93E2-DACA597E4261}.Debug|x64.Build.0 = Debug|x64
		{FE8FB8F8-2F3F-412E-93E2-DACA597E4261}.Debug|x86.ActiveCfg = Debug|Win32
		{FE8FB8F8-2F3F-412E-93E2-DACA597E4261}.Debug|x86.Build.0 = Debug|Win32
		{FE8FB8F8-2F3F-412E-93E2-DACA597E4261}.Release|x64.ActiveCfg = Release|x64
		{FE8FB8F8-2F3F-412E-93E2-DACA597E4261}.Release|x64.Build.0 = Release|x64
		{FE8FB8F8-2F3F-412E-93E2-DACA597E4261}.Release|x86.ActiveCfg = Release|Win32
		{FE8FB8F8-2F3F-412E-93E2-DACA597E4261}.Release|x86.Build.0 = Release|Win32
		{24F6E172-0441-4F8B-A97E-676CEA584B65}.Debug|x64.ActiveCfg = Debug|x64
		{24F6E172-0441-4F8B-A97E-676CEA584B65}.Debug|x64.Build.0 = Debug|x64
		{24F6E172-0441-4F8B-A97E-676CEA584B65}.Debug|x86.ActiveCfg = Debug|Win32
		{24F6E172-0441-4F8B-A97E-676CEA584B65}.Debug|x86.Build.0 = Debug|Win32
		{24F6E172-0441-4F8B-A97E-676CEA584B65}.Release|x64.ActiveCfg = Release|x64
		{24F6E172-0441-4F8B-A97E-676CEA584B65}.Release|x64.Build.0 = Release|x64
		{24F6E172-0441-4F8B-A97E-676CEA584B65}.Release|x86.ActiveCfg = Release|Win32
		{24F6E172-0441-4F8B-A97E-676CEA584B65}.Release|x86.Build.0 = Release|Win32
		{B475153D-1315-4EAB-8038-F2E5064F3026}.Debug|x64.ActiveCfg = Debug|x64
		{B475153D-1315-4EAB-8038-F2E5064F3026}.Debug|x64.Build.0 = Debug|x64
		{B475153D-1315-4EAB-8038-F2E5064F3026}.Debug|x86.ActiveCfg = Debug|Win32
		{B475153D-1315-4EAB-8038-F2E5064F3026}.Debug|x86.Build.0 = Debug|Win32
		{B475153D-1315-4EAB-8038-F2E5064F3026}.Release|x64.ActiveCfg = Release|x64
		{B475153D-1315-4EAB-8038-F2E5064F3026}.Release|x64.Build.0 = Release|x64
		{B475153D-1315-4EAB-8038-F2E5064F3026}.Release|x86.ActiveCfg = Release|Win32
		{B475153D-1315-4EAB-8038-F2E5064F3026}.Release|x86.Build.0 = Release|Win32
		{AA05A98A-704C-45E3-A0AE-E24E4BCC6AA9}.Debug|x64.ActiveCfg = Debug|x64
		{AA05A98A-704C-45E3-A0AE-E24E4BCC6AA9}.Debug|x64.Build.0 = Debug|x64
		{AA05A98A-704C-45E3-A0AE-E24E4BCC6AA9}.Debug|x86.ActiveCfg = Debug|Win32
		{AA05A98A-704C-45E3-A0AE-E24E4BCC6AA9}.Debug|x86.Build.0 = Debug|Win32
		{AA05A98A-704C-45E3-A0AE-E24E4BCC6AA9}.Release|x64.ActiveCfg = Release|x64
		{AA05A98A-704C-45E3-A0AE-E24E4BCC6AA9}.Release|x64.Build.0 = Release|x64
		{AA05A98A-704C-45E3-A0AE-E24E4BCC6AA9}.Release|x86.ActiveCfg = Release|Win32
		{AA05A98A-704C-45E3-A0AE-E24E4BCC6AA9}.Release|x86.Build.0 = Release|Win32
		{0EF610D4-3F64-4738-B84A-C79DDB3DB26B}.Debug|x64.ActiveCfg = Debug|x64
		{0EF610D4-3F64-4738-B84A-C79DDB3DB26B}.Debug|x64.Build.0 = Debug|x64
		{0EF610D4-3F64-4738-B84A-C79DDB3DB26B}.Debug|x86.ActiveCfg = Debug|Win32
		{0EF610D4-3F64-4738-B84A-C79DDB3DB26B}.Debug|x86.Build.0 = Debug|Win32
		{0EF610D4-3F64-4738-B84A-C79DDB3DB26B}.Release|x64.ActiveCfg = Release|x64
		{0EF610D4-3F64-4738-B84A-C79DDB3DB26B}.Release|x64.Build.0 = Release|x64
		{0EF610D4-3F64-4738-B84A-C79DDB3DB26B}.Release|x86.ActiveCfg = Release|Win32
		{0EF610D4-3F64-4738-B84A-C79DDB3DB26B}.Release|x86.Build.0 = Release|Win32
		{7D573C00-5B26-4F33-B043-23AC29F99339}.Debug|x64.ActiveCfg = Debug|x64
		{7D573C00-5B26-4F33-B043-23AC29F99339}.Debug|x64.Build.0 = Debug|x64
		{7D573C00-5B26-4F33-B043-23AC29F99339}.Debug|x86.ActiveCfg = Debug|Win32
		{7D573C00-5B26-4F33-B043-23AC29F99339}.Debug|x86.Build.0 = Debug|Win32
		{7D573C00-5B26-4F33-B043-23AC29F99339}.Release|x64.ActiveCfg = Release|x64
		{7D573C00-5B26-4F33-B043-23AC29F99339}.Release|x64.Build.0 = Release|x64
		{7D573C00-5B26-4F33-B043-23AC29F99339}.Release|x86.ActiveCfg = Release|Win32
		{7D573C00-5B26-4F33-B043-23AC29F99339}.Release|x86.Build.0 = Release|Win32
		{303D9A1B-ED6B-4B9E-A46D-76EB77EE4DA5}.Debug|x64.ActiveCfg = Debug|x64
		{303D9A1B-ED6B-4B9E-A46D-76EB77EE4DA5}.Debug|x64.Build.0 = Debug|x64
		{303D9A1B-ED6B-4B9E-A46D-76EB77EE4DA5}.Debug|x86.ActiveCfg = Debug|Win32
		{303D9A1B-ED6B-4B9E-A46D-76EB77EE4DA5}.Debug|x86.Build.0 = Debug|Win32
		{303D9A1B-ED6B-4B9E-A46D-76EB77EE4DA5}.Release|x64.ActiveCfg = Release|x64
		{303D9A1B-ED6B-4B9E-A46D-76EB77EE4DA5}.Release|x64.Build.0 = Release|x64
		{303D9A1B-ED6B-4B9E-A46D-76EB77EE4DA5}.Release|x86.ActiveCfg = Release|Win32
		{303D9A1B-ED6B-4B9E-A46D-76EB77EE4DA5}.Release|x86.Build.0 = Release|Win32
		{DCDF8CE8-CC0F-4FCA-835B-93136C1D8792}.Debug|x64.ActiveCfg = Debug|x64
		{DCDF8CE8-CC0F-4FCA-835B-93136C1D8792}.Debug|x64.Build.0 = Debug|x64
		{DCDF8CE8-CC0F-4FCA-835B-93136C1D8792}.Debug|x86.ActiveCfg = Debug|Win32
		{DCDF8CE8-CC0F-4FCA-835B-93136C1D8792}.Debug|x86.Build.0 = Debug|Win32
		{DCDF8CE8-CC0F-4FCA-835B-93136C1D8792}.Release|x64.ActiveCfg = Release|x64
		{DCDF8CE8-CC0F-4FCA-835B-93136C1D8792}.Release|x64.Build.0 = Release|x64
		{DCDF8CE8-CC0F-4FCA-835B-93136C1D8792}.Release|x86.ActiveCfg = Release|Win32
		{DCDF8CE8-CC0F-4FCA-835B-93136C1D8792}.Release|x86.Build.0 = Release|Win32
		{8ACEB63E-7246-40B5-8FBD-3B0FF07DDA5F}.Debug|x64.ActiveCfg = Debug|x64
		{8ACEB63E-7246-40B5-8FBD-3B0FF07DDA5F}.Debug|x64.Build.0 = Debug|x64
		{8ACEB63E-7246-40B5-8FBD-3B0FF07DDA5F}.Debug|x86.ActiveCfg = Debug|Win32
		{8ACEB63E-7246-40B5-8FBD-3B0FF07DDA5F}.Debug|x86.Build.0 = Debug|Win32
		{8ACEB63E-7246-40B5-8FBD-3B0FF07DDA5F}.Release|x64.ActiveCfg = Release|x64
		{8ACEB63E-7246-40B5-8FBD-3B0FF07DDA5F}.Release|x64.Build.0 = Release|x64
		{8ACEB63E-7246-40B5-8FBD-3B0FF07DDA5F}.Release|x86.ActiveCfg = Release|Win32
		{8ACEB63E-7246-40B5-8FBD-3B0FF07DDA5F}.Release|x86.Build.0 = Release|Win32
		{6D36296E-7D6E-4364-88FC-F1EE991EED0E}.Debug|x64.ActiveCfg = Debug|x64
		{6D36296E-7D6E-4364-88FC-F1EE991EED0E}.Debug|x64.Build.0 = Debug|x64
		{6D36296E-7D6E-4364-88FC-F1EE991EED0E}.Debug|x86.ActiveCfg = Debug|Win32
		{6D36296E-7D6E-4364-88FC-F1EE991EED0E}.Debug|x86.Build.0 = Debug|Win32
		{6D36296E-7D6E-4364-88FC-F1EE991EED0E}.Release|x64.ActiveCfg = Release|x64
		{6D36296E-7D6E-4364-88FC-F1EE991EED0E}.Release|x64.Build.0 = Release|x64
		{6D36296E-7D6E-4364-88FC-F1EE991EED0E}.Release|x86.ActiveCfg = Release|Win32
		{6D36296E-7D6E-4364-88FC-F1EE991EED0E}.Release|x86.Build.0 = Release|Win32
		{990BA0CA-458F-4E1F-B838-61FEC669BB5D}.Debug|x64.ActiveCfg = Debug|x64
		{990BA0CA-458F-4E1F-B838-61FEC669BB5D}.Debug|x64.Build.0 = Debug|x64
		{990BA0CA-458F-4E1F-B838-61FEC669BB5D}.Debug|x86.ActiveCfg = Debug|Win32
		{990BA0CA-458F-4E1F-B838-61FEC669BB5D}.Debug|x86.Build.0 = Debug|Win32
		{990BA0CA-458F-4E1F-B838-61FEC669BB5D}.Release|x64.ActiveCfg = Release|x64
		{990BA0CA-458F-4E1F-B838-61FEC669BB5D}.Release|x64.Build.0 = Release|x64
		{990BA0CA-458F-4E1F-B838-61FEC669BB5D}.Release|x86.ActiveCfg = Release|Win32
		{990BA0CA-458F-4E1F-B838-61FEC669BB5D}.Release|x86.Build.0 = Release|Win32
		{2CAA9EE6-752E-4B1A-9D6D-D025A946A9DB}.Debug|x64.ActiveCfg = Debug|x64
		{2CAA9EE6-752E-4B1A-9D6D-D025A946A9DB}.Debug|x64.Build.0 = Debug|x64
		{2CAA9EE6-752E-4B1A-9D6D-D025A946A9DB}.Debug|x86.ActiveCfg = Debug|Win32
		{2CAA9EE6-752E-4B1A-9D6D-D025A946A9DB}.Debug|x86.Build.0 = Debug|Win32
		{2CAA9EE6-752E-4B1A-9D6D-D025A946A9DB}.Release|x64.ActiveCfg = Release|x64
		{2CAA9EE6-752E-4B1A-9D6D-D025A946A9DB}.Release|x64.Build.0 = Release|x64
		{2CAA9EE6-752E-4B1A-9D6D-D025A946A9DB}.Release|x86.ActiveCfg = Release|Win32
		{2CAA9EE6-752E-4B1A-9D6D-D025A946A9DB}.Release|x86.Build.0 = Release|Win32
		{31140D1C-A99D-404B-9952-296A1CA5BE3B}.Debug|x64.ActiveCfg = Debug|x64
		{31140D1C-A99D-404B-9952-296A1CA5BE3B}.Debug|x64.Build.0 = Debug|x64
		{31140D1C-A99D-404B-9952-296A1CA5BE3B}.Debug|x86.ActiveCfg = Debug|Win32
		{31140D1C-A99D-404B-9952-296A1CA5BE3B}.Debug|x86.Build.0 = Debug|Win32
		{31140D1C-A99D-404B-9952-296A1CA5BE3B}.Release|x64.ActiveCfg = Release|x64
		{31140D1C-A99D-404B-9952-296A1CA5BE3B}.Release|x64.Build.0 = Release|x64
		{31140D1C-A99D-404B-9952-296A1CA5BE3B}.Release|x86.ActiveCfg = Release|Win32
		{31140D1C-A99D-404B-9952-296A1CA5BE3B}.Release|x86.Build.0 = Release|Win32
		{BD9978AE-EF28-4195-BFD9-3D95E66C334D}.Debug|x64.ActiveCfg = Debug|x64
		{BD9978AE-EF28-4195-BFD9-3D95E66C334D}.Debug|x64.Build.0 = Debug|x64
		{BD9978AE-EF28-4195-BFD9-3D95E66C334D}.Debug|x86.ActiveCfg = Debug|Win32
		{BD9978AE-EF28-4195-BFD9-3D95E66C334D}.Debug|x86.Build.0 = Debug|Win32
		{BD9978AE-EF28-4195-BFD9-3D95E66C334D}.Release|x64.ActiveCfg = Release|x64
		{BD9978AE-EF28-4195-BFD9-3D95E66C334D}.Release|x64.Build.0 = Release|x64
		{BD9978AE-EF28-4195-BFD9-3D95E66C334D}.Release|x86.ActiveCfg = Release|Win32
		{BD9978AE-EF28-4195-BFD9-3D95E66C334D}.Release|x86.Build.0 = Release|Win32
		{7F9E5A61-896A-4020-8999-1B9B61B1D427}.Debug|x64.ActiveCfg = Debug|x64
		{7F9E5A61-896A-4020-8999-1B9B61B1D427}.Debug|x64.Build.0 = Debug|x64
		{7F9E5A61-896A-4020-8999-1B9B61B1D427}.Debug|x86.ActiveCfg = Debug|Win32
		{7F9E5A61-896A-4020-8999-1B9B61B1D427}.Debug|x86.Build.0 = Debug|Win32
		{7F9E5A61-896A-4020-8999-1B9B61B1D427}.Release|x64.ActiveCfg = Release|x64
		{7F9E5A61-896A-4020-8999-1B9B61B1D427}.Release|x64.Build.0 = Release|x64
		{7F9E5A61-896A-4020-8999-1B9B61B1D427}.Release|x86.ActiveCfg = Release|Win32
		{7F9E5A61-896A-4020-8999-1B9B61B1D427}.Release|x86.Build.0 = Release|Win32
		{0A339C2E-65DB-43BD-B356-48637545F4AA}.Debug|x64.ActiveCfg = Debug|x64
		{0A339C2E-65DB-43BD-B356-48637545F4AA}.Debug|x64.Build.0 = Debug|x64
		{0A339C2E-65DB-43BD-B356-48637545F4AA}.Debug|x86.ActiveCfg = Debug|Win32
		{0A339C2E-65DB-43BD-B356-48637545F4AA}.Debug|x86.Build.0 = Debug|Win32
		{0A339C2E-65DB-43BD-B356-48637545F4AA}.Release|x64.ActiveCfg = Release|x64
		{0A339C2E-65DB-43BD-B356-48637545F4AA}.Release|x64.Build.0 = Release|x64
		{0A339C2E-65DB-43BD-B356-48637545F4AA}.Release|x86.ActiveCfg = Release|Win32
		{0A339C2E-65DB-43BD-B356-48637545F4AA}.Release|x86.Build.0 = Release|Win32
		{89C7BAC4-7ADD-40BA-963E-E79EA9C7FF4B}.Debug|x64.ActiveCfg = Debug|x64
		{89C7BAC4-7ADD-40BA-963E-E79EA9C7FF4B}.Debug|x64.Build.0 = Debug|x64
		{89C7BAC4-7ADD-40BA-963E-E79EA9C7FF4B}.Debug|x86.ActiveCfg = Debug|Win32
		{89C7BAC4-7ADD-40BA-963E-E79EA9C7FF4B}.Debug|x86.Build.0 = Debug|Win32
		{89C7BAC4-7ADD-40BA-963E-E79EA9C7FF4B}.Release|x64.ActiveCfg = Release|x64
		{89C7BAC4-7ADD-40BA-963E-E79EA9C7FF4B}.Release|x64.Build.0 = Release|x64
		{89C7BAC4-7ADD-40BA-963E-E79EA9C7FF4B}.Release|x86.ActiveCfg = Release|Win32
		{89C7BAC4-7ADD-40BA-963E-E79EA9C7FF4B}.Release|x86.Build.0 = Release|Win32
	EndGlobalSection
	GlobalSection(SolutionProperties) = preSolution
		HideSolutionNode = FALSE
	EndGlobalSection
	GlobalSection(ExtensibilityGlobals) = postSolution
		SolutionGuid = {F8BE34D2-C594-4F27-91B7-B1D204C28A28}
	EndGlobalSection
EndGlobal
